
Microsoft Visual Studio Solution File, Format Version 12.00
# Visual Studio 14
VisualStudioVersion = 14.0.25420.1
MinimumVisualStudioVersion = 10.0.40219.1
Project("{FAE04EC0-301F-11D3-BF4B-00C04F79EFBC}") = "PayCalculatorTestCases", "Kata_BabySitterPayCalculator\PayCalculatorTestCases.csproj", "{5858DA63-4B23-4474-94EC-F7D71F304B97}"
EndProject
Project("{FAE04EC0-301F-11D3-BF4B-00C04F79EFBC}") = "PayCalculator", "PayCalculator\PayCalculator.csproj", "{C458039D-107B-4BCA-9E02-9B18034F13DA}"
EndProject
Project("{2150E333-8FDC-42A3-9474-1A3956D46DE8}") = "Solution Items", "Solution Items", "{3483D05E-0E27-4BC3-A2B4-120105737908}"
	ProjectSection(SolutionItems) = preProject
		iNSTRUCTIONS.txt = iNSTRUCTIONS.txt
	EndProjectSection
EndProject
Global
	GlobalSection(SolutionConfigurationPlatforms) = preSolution
		Debug|Any CPU = Debug|Any CPU
		Release|Any CPU = Release|Any CPU
	EndGlobalSection
	GlobalSection(ProjectConfigurationPlatforms) = postSolution
		{5858DA63-4B23-4474-94EC-F7D71F304B97}.Debug|Any CPU.ActiveCfg = Debug|Any CPU
		{5858DA63-4B23-4474-94EC-F7D71F304B97}.Debug|Any CPU.Build.0 = Debug|Any CPU
		{5858DA63-4B23-4474-94EC-F7D71F304B97}.Release|Any CPU.ActiveCfg = Release|Any CPU
		{5858DA63-4B23-4474-94EC-F7D71F304B97}.Release|Any CPU.Build.0 = Release|Any CPU
		{C458039D-107B-4BCA-9E02-9B18034F13DA}.Debug|Any CPU.ActiveCfg = Debug|Any CPU
		{C458039D-107B-4BCA-9E02-9B18034F13DA}.Debug|Any CPU.Build.0 = Debug|Any CPU
		{C458039D-107B-4BCA-9E02-9B18034F13DA}.Release|Any CPU.ActiveCfg = Release|Any CPU
		{C458039D-107B-4BCA-9E02-9B18034F13DA}.Release|Any CPU.Build.0 = Release|Any CPU
	EndGlobalSection
	GlobalSection(SolutionProperties) = preSolution
		HideSolutionNode = FALSE
	EndGlobalSection
EndGlobal
